
Microsoft Visual Studio Solution File, Format Version 12.00
# Visual Studio Version 17
VisualStudioVersion = 17.0.31903.59
MinimumVisualStudioVersion = 10.0.40219.1
Project("{9A19103F-16F7-4668-BE54-9A1E7A4F7556}") = "AdvancedLib", "AdvancedLib\AdvancedLib.csproj", "{F8D56792-56BD-4302-9A71-5D83693B540D}"
EndProject
Project("{9A19103F-16F7-4668-BE54-9A1E7A4F7556}") = "AdvancedEdit", "AdvancedEdit\AdvancedEdit.csproj", "{D1A62EE7-A0E7-4F34-A651-E174352239B3}"
EndProject
Project("{9A19103F-16F7-4668-BE54-9A1E7A4F7556}") = "BinarySerializer", "BinarySerializer\src\BinarySerializer.csproj", "{1C299513-DF73-475A-B496-8D2B0250648C}"
EndProject
Project("{9A19103F-16F7-4668-BE54-9A1E7A4F7556}") = "BinarySerializer.Nintendo", "BinarySerializer.Nintendo\src\BinarySerializer.Nintendo.csproj", "{C8C4BC5F-8262-4FA2-AC0F-1B3297DC01B9}"
EndProject
Global
	GlobalSection(SolutionConfigurationPlatforms) = preSolution
		Debug|Any CPU = Debug|Any CPU
		Release|Any CPU = Release|Any CPU
	EndGlobalSection
	GlobalSection(ProjectConfigurationPlatforms) = postSolution
		{F8D56792-56BD-4302-9A71-5D83693B540D}.Debug|Any CPU.ActiveCfg = Debug|Any CPU
		{F8D56792-56BD-4302-9A71-5D83693B540D}.Debug|Any CPU.Build.0 = Debug|Any CPU
		{F8D56792-56BD-4302-9A71-5D83693B540D}.Release|Any CPU.ActiveCfg = Release|Any CPU
		{F8D56792-56BD-4302-9A71-5D83693B540D}.Release|Any CPU.Build.0 = Release|Any CPU
		{D1A62EE7-A0E7-4F34-A651-E174352239B3}.Debug|Any CPU.ActiveCfg = Debug|Any CPU
		{D1A62EE7-A0E7-4F34-A651-E174352239B3}.Debug|Any CPU.Build.0 = Debug|Any CPU
		{D1A62EE7-A0E7-4F34-A651-E174352239B3}.Release|Any CPU.ActiveCfg = Release|Any CPU
		{D1A62EE7-A0E7-4F34-A651-E174352239B3}.Release|Any CPU.Build.0 = Release|Any CPU
		{1C299513-DF73-475A-B496-8D2B0250648C}.Debug|Any CPU.ActiveCfg = Debug|Any CPU
		{1C299513-DF73-475A-B496-8D2B0250648C}.Debug|Any CPU.Build.0 = Debug|Any CPU
		{1C299513-DF73-475A-B496-8D2B0250648C}.Release|Any CPU.ActiveCfg = Release|Any CPU
		{1C299513-DF73-475A-B496-8D2B0250648C}.Release|Any CPU.Build.0 = Release|Any CPU
		{C8C4BC5F-8262-4FA2-AC0F-1B3297DC01B9}.Debug|Any CPU.ActiveCfg = Debug|Any CPU
		{C8C4BC5F-8262-4FA2-AC0F-1B3297DC01B9}.Debug|Any CPU.Build.0 = Debug|Any CPU
		{C8C4BC5F-8262-4FA2-AC0F-1B3297DC01B9}.Release|Any CPU.ActiveCfg = Release|Any CPU
		{C8C4BC5F-8262-4FA2-AC0F-1B3297DC01B9}.Release|Any CPU.Build.0 = Release|Any CPU
	EndGlobalSection
	GlobalSection(SolutionProperties) = preSolution
		HideSolutionNode = FALSE
	EndGlobalSection
	GlobalSection(ExtensibilityGlobals) = postSolution
		SolutionGuid = {361FE272-6011-401F-8758-56C5D730BAF4}
	EndGlobalSection
EndGlobal
